
Microsoft Visual Studio Solution File, Format Version 12.00
# Visual Studio Version 17
VisualStudioVersion = 17.2.32616.157
MinimumVisualStudioVersion = 10.0.40219.1
Project("{9A19103F-16F7-4668-BE54-9A1E7A4F7556}") = "DataAgregatorWeb", "DataAgregatorWeb\DataAgregatorWeb.csproj", "{D5BAC1C6-D43F-4D19-96A8-6E14D3F4282D}"
EndProject
Project("{FAE04EC0-301F-11D3-BF4B-00C04F79EFBC}") = "DataAgregatorWebTest", "DataAgregatorWebTest\DataAgregatorWebTest.csproj", "{0114CBCB-EEC0-4869-AF2D-3AA2AFFA14CA}"
EndProject
Global
	GlobalSection(SolutionConfigurationPlatforms) = preSolution
		Debug|Any CPU = Debug|Any CPU
		Release|Any CPU = Release|Any CPU
	EndGlobalSection
	GlobalSection(ProjectConfigurationPlatforms) = postSolution
		{D5BAC1C6-D43F-4D19-96A8-6E14D3F4282D}.Debug|Any CPU.ActiveCfg = Debug|Any CPU
		{D5BAC1C6-D43F-4D19-96A8-6E14D3F4282D}.Debug|Any CPU.Build.0 = Debug|Any CPU
		{D5BAC1C6-D43F-4D19-96A8-6E14D3F4282D}.Release|Any CPU.ActiveCfg = Release|Any CPU
		{D5BAC1C6-D43F-4D19-96A8-6E14D3F4282D}.Release|Any CPU.Build.0 = Release|Any CPU
		{0114CBCB-EEC0-4869-AF2D-3AA2AFFA14CA}.Debug|Any CPU.ActiveCfg = Debug|Any CPU
		{0114CBCB-EEC0-4869-AF2D-3AA2AFFA14CA}.Debug|Any CPU.Build.0 = Debug|Any CPU
		{0114CBCB-EEC0-4869-AF2D-3AA2AFFA14CA}.Release|Any CPU.ActiveCfg = Release|Any CPU
		{0114CBCB-EEC0-4869-AF2D-3AA2AFFA14CA}.Release|Any CPU.Build.0 = Release|Any CPU
	EndGlobalSection
	GlobalSection(SolutionProperties) = preSolution
		HideSolutionNode = FALSE
	EndGlobalSection
	GlobalSection(ExtensibilityGlobals) = postSolution
		SolutionGuid = {C1E18603-9A5A-4609-866B-D4D07D1C9FB7}
	EndGlobalSection
EndGlobal
